
Microsoft Visual Studio Solution File, Format Version 12.00
# Visual Studio Version 16
VisualStudioVersion = 16.0.29613.14
MinimumVisualStudioVersion = 10.0.40219.1
Project("{FAE04EC0-301F-11D3-BF4B-00C04F79EFBC}") = "OneDarkPro", "OneDarkPro\OneDarkPro.csproj", "{A93C19B5-0A6D-4AAA-A58F-1D415B01E1B6}"
EndProject
Global
	GlobalSection(SolutionConfigurationPlatforms) = preSolution
		Debug|Any CPU = Debug|Any CPU
		Release|Any CPU = Release|Any CPU
	EndGlobalSection
	GlobalSection(ProjectConfigurationPlatforms) = postSolution
		{A93C19B5-0A6D-4AAA-A58F-1D415B01E1B6}.Debug|Any CPU.ActiveCfg = Debug|Any CPU
		{A93C19B5-0A6D-4AAA-A58F-1D415B01E1B6}.Debug|Any CPU.Build.0 = Debug|Any CPU
		{A93C19B5-0A6D-4AAA-A58F-1D415B01E1B6}.Release|Any CPU.ActiveCfg = Release|Any CPU
		{A93C19B5-0A6D-4AAA-A58F-1D415B01E1B6}.Release|Any CPU.Build.0 = Release|Any CPU
	EndGlobalSection
	GlobalSection(SolutionProperties) = preSolution
		HideSolutionNode = FALSE
	EndGlobalSection
	GlobalSection(ExtensibilityGlobals) = postSolution
		SolutionGuid = {ADB3254B-2A3B-4CF8-90BF-A1FA31C52952}
	EndGlobalSection
EndGlobal
